
Microsoft Visual Studio Solution File, Format Version 12.00
# Visual Studio Version 17
VisualStudioVersion = 17.0.31612.314
MinimumVisualStudioVersion = 15.0.26124.0
Project("{9A19103F-16F7-4668-BE54-9A1E7A4F7556}") = "Library", "src\core\Library\Library.csproj", "{C06D702E-6FC7-453B-BDDF-608F825EC003}"
EndProject
Project("{9A19103F-16F7-4668-BE54-9A1E7A4F7556}") = "Library.UnitTests", "test\core\Library.UnitTests\Library.UnitTests.csproj", "{DC5F3D1C-A9A3-44B7-A3C0-82C1FF4C3336}"
EndProject
Project("{9A19103F-16F7-4668-BE54-9A1E7A4F7556}") = "Library.IntegrationTests", "test\core\Library.IntegrationTests\Library.IntegrationTests.csproj", "{0BD55E69-FF20-4554-8411-763E0124E91B}"
EndProject
Project("{2150E333-8FDC-42A3-9474-1A3956D46DE8}") = "Solution Items", "Solution Items", "{1CE9670B-D5FF-46A7-9D00-24E70E6ED48B}"
	ProjectSection(SolutionItems) = preProject
		.editorconfig = .editorconfig
		.gitattributes = .gitattributes
		.gitignore = .gitignore
		azure-pipelines.yml = azure-pipelines.yml
		CONTRIBUTING.md = CONTRIBUTING.md
		Directory.Build.props = Directory.Build.props
		Directory.Build.rsp = Directory.Build.rsp
		Directory.Build.targets = Directory.Build.targets
		global.json = global.json
		init.cmd = init.cmd
		init.ps1 = init.ps1
		LICENSE = LICENSE
		nuget.config = nuget.config
		README.md = README.md
		strongname.snk = strongname.snk
		stylecop.json = stylecop.json
		version.json = version.json
	EndProjectSection
EndProject
Project("{2150E333-8FDC-42A3-9474-1A3956D46DE8}") = "eng", "eng", "{D0F63F04-0FDB-41C2-89EB-D2004E5D07F2}"
EndProject
Project("{2150E333-8FDC-42A3-9474-1A3956D46DE8}") = ".devcontainer", ".devcontainer", "{9D838577-A1C7-4A5D-B5EF-7E300FDDD016}"
	ProjectSection(SolutionItems) = preProject
		.devcontainer\devcontainer.json = .devcontainer\devcontainer.json
		.devcontainer\Dockerfile = .devcontainer\Dockerfile
	EndProjectSection
EndProject
Project("{2150E333-8FDC-42A3-9474-1A3956D46DE8}") = ".github", ".github", "{FC5CE323-2E9A-479A-B8E8-E5999A44A925}"
	ProjectSection(SolutionItems) = preProject
		.github\dependabot.yml = .github\dependabot.yml
	EndProjectSection
EndProject
Project("{2150E333-8FDC-42A3-9474-1A3956D46DE8}") = "azure-pipelines", "azure-pipelines", "{ECCE870F-5368-4208-A7F7-9FFEFA44BDF6}"
	ProjectSection(SolutionItems) = preProject
		azure-pipelines\build.yml = azure-pipelines\build.yml
		azure-pipelines\Convert-PDB.ps1 = azure-pipelines\Convert-PDB.ps1
		azure-pipelines\Darwin.runsettings = azure-pipelines\Darwin.runsettings
		azure-pipelines\dotnet.yml = azure-pipelines\dotnet.yml
		azure-pipelines\expand-template.yml = azure-pipelines\expand-template.yml
		azure-pipelines\Get-MauiCheckTool.ps1 = azure-pipelines\Get-MauiCheckTool.ps1
		azure-pipelines\Get-nbgv.ps1 = azure-pipelines\Get-nbgv.ps1
		azure-pipelines\Get-NuGetTool.ps1 = azure-pipelines\Get-NuGetTool.ps1
		azure-pipelines\Get-ProcDump.ps1 = azure-pipelines\Get-ProcDump.ps1
		azure-pipelines\Get-SymbolFiles.ps1 = azure-pipelines\Get-SymbolFiles.ps1
		azure-pipelines\Get-TempToolsPath.ps1 = azure-pipelines\Get-TempToolsPath.ps1
		azure-pipelines\Get-XHarnessTool.ps1 = azure-pipelines\Get-XHarnessTool.ps1
		azure-pipelines\install-dependencies.yml = azure-pipelines\install-dependencies.yml
		azure-pipelines\justnugetorg.nuget.config = azure-pipelines\justnugetorg.nuget.config
		azure-pipelines\Linux.runsettings = azure-pipelines\Linux.runsettings
		azure-pipelines\publish-codecoverage.yml = azure-pipelines\publish-codecoverage.yml
		azure-pipelines\publish-deployables.yml = azure-pipelines\publish-deployables.yml
		azure-pipelines\release.yml = azure-pipelines\release.yml
		azure-pipelines\Windows_NT.runsettings = azure-pipelines\Windows_NT.runsettings
	EndProjectSection
EndProject
Project("{2150E333-8FDC-42A3-9474-1A3956D46DE8}") = "tools", "tools", "{0DE000CB-A515-4428-B8E2-3FC9B7302B21}"
	ProjectSection(SolutionItems) = preProject
		tools\Check-DotNetRuntime.ps1 = tools\Check-DotNetRuntime.ps1
		tools\Check-DotNetSdk.ps1 = tools\Check-DotNetSdk.ps1
		tools\Install-DotNetSdk.ps1 = tools\Install-DotNetSdk.ps1
		tools\Install-Maui.ps1 = tools\Install-Maui.ps1
		tools\Install-NuGetCredProvider.ps1 = tools\Install-NuGetCredProvider.ps1
		tools\Install-XHarnessTool.ps1 = tools\Install-XHarnessTool.ps1
		tools\Set-EnvVars.ps1 = tools\Set-EnvVars.ps1
	EndProjectSection
EndProject
Project("{2150E333-8FDC-42A3-9474-1A3956D46DE8}") = "workflows", "workflows", "{9A37BDB0-AE53-493C-B418-EFADEF755110}"
	ProjectSection(SolutionItems) = preProject
		.github\workflows\build.yml = .github\workflows\build.yml
		.github\workflows\Linux.runsettings = .github\workflows\Linux.runsettings
		.github\workflows\macOS.runsettings = .github\workflows\macOS.runsettings
		.github\workflows\Windows.runsettings = .github\workflows\Windows.runsettings
	EndProjectSection
EndProject
Project("{2150E333-8FDC-42A3-9474-1A3956D46DE8}") = "artifacts", "artifacts", "{788362BC-D7B0-4D52-896A-A9BACDB1B71A}"
	ProjectSection(SolutionItems) = preProject
		azure-pipelines\artifacts\_all.ps1 = azure-pipelines\artifacts\_all.ps1
		azure-pipelines\artifacts\_pipelines.ps1 = azure-pipelines\artifacts\_pipelines.ps1
		azure-pipelines\artifacts\_stage_all.ps1 = azure-pipelines\artifacts\_stage_all.ps1
		azure-pipelines\artifacts\build_logs.ps1 = azure-pipelines\artifacts\build_logs.ps1
		azure-pipelines\artifacts\coverageResults.ps1 = azure-pipelines\artifacts\coverageResults.ps1
		azure-pipelines\artifacts\deployables.ps1 = azure-pipelines\artifacts\deployables.ps1
		azure-pipelines\artifacts\projectAssetsJson.ps1 = azure-pipelines\artifacts\projectAssetsJson.ps1
		azure-pipelines\artifacts\symbols.ps1 = azure-pipelines\artifacts\symbols.ps1
		azure-pipelines\artifacts\test_symbols.ps1 = azure-pipelines\artifacts\test_symbols.ps1
		azure-pipelines\artifacts\testResults.ps1 = azure-pipelines\artifacts\testResults.ps1
		azure-pipelines\artifacts\Variables.ps1 = azure-pipelines\artifacts\Variables.ps1
	EndProjectSection
EndProject
Project("{2150E333-8FDC-42A3-9474-1A3956D46DE8}") = "variables", "variables", "{2D97BEB0-D6B4-4216-861D-CA63F4BEE5E7}"
	ProjectSection(SolutionItems) = preProject
		azure-pipelines\variables\_all.ps1 = azure-pipelines\variables\_all.ps1
		azure-pipelines\variables\_pipelines.ps1 = azure-pipelines\variables\_pipelines.ps1
		azure-pipelines\variables\DotNetSdkVersion.ps1 = azure-pipelines\variables\DotNetSdkVersion.ps1
	EndProjectSection
EndProject
Project("{2150E333-8FDC-42A3-9474-1A3956D46DE8}") = "src", "src", "{B2E7BFF3-4EDB-4A21-8A20-BC390335F7BA}"
	ProjectSection(SolutionItems) = preProject
		src\.editorconfig = src\.editorconfig
		src\Directory.Build.props = src\Directory.Build.props
		src\Directory.Build.targets = src\Directory.Build.targets
	EndProjectSection
EndProject
Project("{2150E333-8FDC-42A3-9474-1A3956D46DE8}") = "test", "test", "{627BAEEC-777B-4293-93F0-3624B90628C4}"
	ProjectSection(SolutionItems) = preProject
		test\.editorconfig = test\.editorconfig
		test\app.config = test\app.config
		test\Directory.Build.props = test\Directory.Build.props
		test\Directory.Build.targets = test\Directory.Build.targets
	EndProjectSection
EndProject
Project("{2150E333-8FDC-42A3-9474-1A3956D46DE8}") = "core", "core", "{017C64CF-F2BF-413C-ABC0-0A286F49DE76}"
EndProject
Project("{2150E333-8FDC-42A3-9474-1A3956D46DE8}") = "core", "core", "{596E2389-8A1E-4494-8006-9628084C763D}"
	ProjectSection(SolutionItems) = preProject
		test\core\Directory.Build.props = test\core\Directory.Build.props
	EndProjectSection
EndProject
Project("{D954291E-2A0B-460D-934E-DC6B0785DB48}") = "NetworkVisor.Core.Shared.IntegrationTests", "test\core\NetworkVisor.Core.Shared.IntegrationTests\NetworkVisor.Core.Shared.IntegrationTests.shproj", "{13BC7426-20CF-4809-B17E-EAB06A05F3E3}"
EndProject
Project("{D954291E-2A0B-460D-934E-DC6B0785DB48}") = "NetworkVisor.Core.Shared.UnitTests", "test\core\NetworkVisor.Core.Shared.UnitTests\NetworkVisor.Core.Shared.UnitTests.shproj", "{DD784E37-15DB-49B8-8A2F-16EC95044DF7}"
EndProject
Project("{2150E333-8FDC-42A3-9474-1A3956D46DE8}") = "platforms", "platforms", "{FD053022-975F-4F9E-8F09-2D2613A7025B}"
	ProjectSection(SolutionItems) = preProject
		test\platforms\Directory.Build.props = test\platforms\Directory.Build.props
		test\platforms\Directory.Build.targets = test\platforms\Directory.Build.targets
	EndProjectSection
EndProject
Project("{2150E333-8FDC-42A3-9474-1A3956D46DE8}") = "android", "android", "{4246BE49-C37D-4955-92D1-0610A1CA9341}"
	ProjectSection(SolutionItems) = preProject
		test\platforms\android\Directory.Build.props = test\platforms\android\Directory.Build.props
		test\platforms\android\Directory.Build.targets = test\platforms\android\Directory.Build.targets
	EndProjectSection
EndProject
Project("{2150E333-8FDC-42A3-9474-1A3956D46DE8}") = "ios", "ios", "{FB64D94C-3371-48C8-B5D0-DA6D4BAE3A95}"
	ProjectSection(SolutionItems) = preProject
		test\platforms\ios\Directory.Build.props = test\platforms\ios\Directory.Build.props
		test\platforms\ios\Directory.Build.targets = test\platforms\ios\Directory.Build.targets
	EndProjectSection
EndProject
Project("{2150E333-8FDC-42A3-9474-1A3956D46DE8}") = "linux", "linux", "{972181BB-589F-47F7-8103-5AD208732612}"
	ProjectSection(SolutionItems) = preProject
		test\platforms\linux\Directory.Build.props = test\platforms\linux\Directory.Build.props
		test\platforms\linux\Directory.Build.targets = test\platforms\linux\Directory.Build.targets
	EndProjectSection
EndProject
Project("{2150E333-8FDC-42A3-9474-1A3956D46DE8}") = "maccatalyst", "maccatalyst", "{CAC73772-1E23-49D0-83CE-221244AA1EFD}"
	ProjectSection(SolutionItems) = preProject
		test\platforms\maccatalyst\Directory.Build.props = test\platforms\maccatalyst\Directory.Build.props
		test\platforms\maccatalyst\Directory.Build.targets = test\platforms\maccatalyst\Directory.Build.targets
	EndProjectSection
EndProject
Project("{2150E333-8FDC-42A3-9474-1A3956D46DE8}") = "macos", "macos", "{ECD354A5-75E8-4383-B0EF-51D9B31D01A2}"
	ProjectSection(SolutionItems) = preProject
		test\platforms\macos\Directory.Build.props = test\platforms\macos\Directory.Build.props
		test\platforms\macos\Directory.Build.targets = test\platforms\macos\Directory.Build.targets
	EndProjectSection
EndProject
Project("{2150E333-8FDC-42A3-9474-1A3956D46DE8}") = "windows", "windows", "{0E67E283-678A-4C42-B1B1-9F3DB89844CF}"
	ProjectSection(SolutionItems) = preProject
		test\platforms\windows\Directory.Build.props = test\platforms\windows\Directory.Build.props
		test\platforms\windows\Directory.Build.targets = test\platforms\windows\Directory.Build.targets
	EndProjectSection
EndProject
Project("{9A19103F-16F7-4668-BE54-9A1E7A4F7556}") = "NetworkVisor.Core.Android.IntegrationTests", "test\platforms\android\NetworkVisor.Core.Android.IntegrationTests\NetworkVisor.Core.Android.IntegrationTests.csproj", "{D553E54F-4B99-438B-B26B-A98C4B62DAC3}"
EndProject
Project("{9A19103F-16F7-4668-BE54-9A1E7A4F7556}") = "NetworkVisor.Core.Android.UnitTests", "test\platforms\android\NetworkVisor.Core.Android.UnitTests\NetworkVisor.Core.Android.UnitTests.csproj", "{281F3FAE-219D-42D5-AA2B-089C7BBF07C9}"
EndProject
Project("{9A19103F-16F7-4668-BE54-9A1E7A4F7556}") = "NetworkVisor.Core.Test.IOS.IntegrationTests", "test\platforms\ios\NetworkVisor.Core.Test.IOS.IntegrationTests\NetworkVisor.Core.Test.IOS.IntegrationTests.csproj", "{0B4CC39D-521F-47A2-BBA1-2081A10A9892}"
EndProject
Project("{9A19103F-16F7-4668-BE54-9A1E7A4F7556}") = "NetworkVisor.Core.Test.IOS.UnitTests", "test\platforms\ios\NetworkVisor.Core.Test.IOS.UnitTests\NetworkVisor.Core.Test.IOS.UnitTests.csproj", "{94CEBCDD-4840-4683-A15F-C47CFDBE264B}"
EndProject
Project("{9A19103F-16F7-4668-BE54-9A1E7A4F7556}") = "NetworkVisor.Core.Test.Linux.IntegrationTests", "test\platforms\linux\NetworkVisor.Core.Test.Linux.IntegrationTests\NetworkVisor.Core.Test.Linux.IntegrationTests.csproj", "{783B42DB-6F27-4E40-B218-20CCCB340A46}"
EndProject
Project("{9A19103F-16F7-4668-BE54-9A1E7A4F7556}") = "NetworkVisor.Core.Test.Linux.UnitTests", "test\platforms\linux\NetworkVisor.Core.Test.Linux.UnitTests\NetworkVisor.Core.Test.Linux.UnitTests.csproj", "{FB7E620C-BFBD-40C4-A912-720BFF8E0423}"
EndProject
Project("{9A19103F-16F7-4668-BE54-9A1E7A4F7556}") = "NetworkVisor.Core.Test.MacCatalyst.IntegrationTests", "test\platforms\maccatalyst\NetworkVisor.Core.Test.MacCatalyst.IntegrationTests\NetworkVisor.Core.Test.MacCatalyst.IntegrationTests.csproj", "{8F144F53-6EF8-4186-85C4-8D7C282BC96B}"
EndProject
Project("{9A19103F-16F7-4668-BE54-9A1E7A4F7556}") = "NetworkVisor.Core.Test.MacCatalyst.UnitTests", "test\platforms\maccatalyst\NetworkVisor.Core.Test.MacCatalyst.UnitTests\NetworkVisor.Core.Test.MacCatalyst.UnitTests.csproj", "{D47DA05F-ACF5-49C4-B4BC-47E7EFD54638}"
EndProject
Project("{9A19103F-16F7-4668-BE54-9A1E7A4F7556}") = "NetworkVisor.Core.Test.MacOS.IntegrationTests", "test\platforms\macos\NetworkVisor.Core.Test.MacOS.IntegrationTests\NetworkVisor.Core.Test.MacOS.IntegrationTests.csproj", "{736C750E-EAE7-4557-97BD-6E76C666D07C}"
EndProject
Project("{9A19103F-16F7-4668-BE54-9A1E7A4F7556}") = "NetworkVisor.Core.Test.MacOS.UnitTests", "test\platforms\macos\NetworkVisor.Core.Test.MacOS.UnitTests\NetworkVisor.Core.Test.MacOS.UnitTests.csproj", "{3EE4FCA0-9AAF-4B54-81B5-A16DF2C3E78F}"
EndProject
Project("{9A19103F-16F7-4668-BE54-9A1E7A4F7556}") = "NetworkVisor.Core.Test.Windows.IntegrationTests", "test\platforms\windows\NetworkVisor.Core.Test.Windows.IntegrationTests\NetworkVisor.Core.Test.Windows.IntegrationTests.csproj", "{CA8A3977-2C5F-488E-BAEA-D90ACFDCD355}"
EndProject
Project("{9A19103F-16F7-4668-BE54-9A1E7A4F7556}") = "NetworkVisor.Core.Test.Windows.UnitTests", "test\platforms\windows\NetworkVisor.Core.Test.Windows.UnitTests\NetworkVisor.Core.Test.Windows.UnitTests.csproj", "{B675712D-85B9-487F-97C3-CD95454416B1}"
EndProject
Global
	GlobalSection(SharedMSBuildProjectFiles) = preSolution
		test\core\NetworkVisor.Core.Shared.IntegrationTests\NetworkVisor.Core.Shared.IntegrationTests.projitems*{0b4cc39d-521f-47a2-bba1-2081a10a9892}*SharedItemsImports = 5
		test\core\NetworkVisor.Core.Shared.IntegrationTests\NetworkVisor.Core.Shared.IntegrationTests.projitems*{13bc7426-20cf-4809-b17e-eab06a05f3e3}*SharedItemsImports = 13
		test\core\NetworkVisor.Core.Shared.UnitTests\NetworkVisor.Core.Shared.UnitTests.projitems*{281f3fae-219d-42d5-aa2b-089c7bbf07c9}*SharedItemsImports = 5
		test\core\NetworkVisor.Core.Shared.UnitTests\NetworkVisor.Core.Shared.UnitTests.projitems*{3ee4fca0-9aaf-4b54-81b5-a16df2c3e78f}*SharedItemsImports = 5
		test\core\NetworkVisor.Core.Shared.IntegrationTests\NetworkVisor.Core.Shared.IntegrationTests.projitems*{736c750e-eae7-4557-97bd-6e76c666d07c}*SharedItemsImports = 5
		test\core\NetworkVisor.Core.Shared.IntegrationTests\NetworkVisor.Core.Shared.IntegrationTests.projitems*{783b42db-6f27-4e40-b218-20cccb340a46}*SharedItemsImports = 5
		test\core\NetworkVisor.Core.Shared.IntegrationTests\NetworkVisor.Core.Shared.IntegrationTests.projitems*{8f144f53-6ef8-4186-85c4-8d7c282bc96b}*SharedItemsImports = 5
		test\core\NetworkVisor.Core.Shared.UnitTests\NetworkVisor.Core.Shared.UnitTests.projitems*{94cebcdd-4840-4683-a15f-c47cfdbe264b}*SharedItemsImports = 5
		test\core\NetworkVisor.Core.Shared.UnitTests\NetworkVisor.Core.Shared.UnitTests.projitems*{b675712d-85b9-487f-97c3-cd95454416b1}*SharedItemsImports = 5
		test\core\NetworkVisor.Core.Shared.IntegrationTests\NetworkVisor.Core.Shared.IntegrationTests.projitems*{ca8a3977-2c5f-488e-baea-d90acfdcd355}*SharedItemsImports = 5
		test\core\NetworkVisor.Core.Shared.UnitTests\NetworkVisor.Core.Shared.UnitTests.projitems*{d47da05f-acf5-49c4-b4bc-47e7efd54638}*SharedItemsImports = 5
		test\core\NetworkVisor.Core.Shared.IntegrationTests\NetworkVisor.Core.Shared.IntegrationTests.projitems*{d553e54f-4b99-438b-b26b-a98c4b62dac3}*SharedItemsImports = 5
		test\core\NetworkVisor.Core.Shared.UnitTests\NetworkVisor.Core.Shared.UnitTests.projitems*{dd784e37-15db-49b8-8a2f-16ec95044df7}*SharedItemsImports = 13
		test\core\NetworkVisor.Core.Shared.UnitTests\NetworkVisor.Core.Shared.UnitTests.projitems*{fb7e620c-bfbd-40c4-a912-720bff8e0423}*SharedItemsImports = 5
	EndGlobalSection
	GlobalSection(SolutionConfigurationPlatforms) = preSolution
		Debug|Any CPU = Debug|Any CPU
		Debug-Android|Any CPU = Debug-Android|Any CPU
		Debug-IOS|Any CPU = Debug-IOS|Any CPU
		Debug-Linux|Any CPU = Debug-Linux|Any CPU
		Debug-MacCatalyst|Any CPU = Debug-MacCatalyst|Any CPU
		Debug-MacOS|Any CPU = Debug-MacOS|Any CPU
		Debug-Windows|Any CPU = Debug-Windows|Any CPU
		Release|Any CPU = Release|Any CPU
		Release-Android|Any CPU = Release-Android|Any CPU
		Release-IOS|Any CPU = Release-IOS|Any CPU
		Release-Linux|Any CPU = Release-Linux|Any CPU
		Release-MacCatalyst|Any CPU = Release-MacCatalyst|Any CPU
		Release-MacOS|Any CPU = Release-MacOS|Any CPU
		Release-Windows|Any CPU = Release-Windows|Any CPU
	EndGlobalSection
	GlobalSection(ProjectConfigurationPlatforms) = postSolution
		{C06D702E-6FC7-453B-BDDF-608F825EC003}.Debug|Any CPU.ActiveCfg = Debug|Any CPU
		{C06D702E-6FC7-453B-BDDF-608F825EC003}.Debug|Any CPU.Build.0 = Debug|Any CPU
		{C06D702E-6FC7-453B-BDDF-608F825EC003}.Debug-Android|Any CPU.ActiveCfg = Debug-Android|Any CPU
		{C06D702E-6FC7-453B-BDDF-608F825EC003}.Debug-Android|Any CPU.Build.0 = Debug-Android|Any CPU
		{C06D702E-6FC7-453B-BDDF-608F825EC003}.Debug-IOS|Any CPU.ActiveCfg = Debug-IOS|Any CPU
		{C06D702E-6FC7-453B-BDDF-608F825EC003}.Debug-IOS|Any CPU.Build.0 = Debug-IOS|Any CPU
		{C06D702E-6FC7-453B-BDDF-608F825EC003}.Debug-Linux|Any CPU.ActiveCfg = Debug-Linux|Any CPU
		{C06D702E-6FC7-453B-BDDF-608F825EC003}.Debug-Linux|Any CPU.Build.0 = Debug-Linux|Any CPU
		{C06D702E-6FC7-453B-BDDF-608F825EC003}.Debug-MacCatalyst|Any CPU.ActiveCfg = Debug-MacCatalyst|Any CPU
		{C06D702E-6FC7-453B-BDDF-608F825EC003}.Debug-MacCatalyst|Any CPU.Build.0 = Debug-MacCatalyst|Any CPU
		{C06D702E-6FC7-453B-BDDF-608F825EC003}.Debug-MacOS|Any CPU.ActiveCfg = Debug-MacOS|Any CPU
		{C06D702E-6FC7-453B-BDDF-608F825EC003}.Debug-MacOS|Any CPU.Build.0 = Debug-MacOS|Any CPU
		{C06D702E-6FC7-453B-BDDF-608F825EC003}.Debug-Windows|Any CPU.ActiveCfg = Debug-Windows|Any CPU
		{C06D702E-6FC7-453B-BDDF-608F825EC003}.Debug-Windows|Any CPU.Build.0 = Debug-Windows|Any CPU
		{C06D702E-6FC7-453B-BDDF-608F825EC003}.Release|Any CPU.ActiveCfg = Debug|Any CPU
		{C06D702E-6FC7-453B-BDDF-608F825EC003}.Release|Any CPU.Build.0 = Debug|Any CPU
		{C06D702E-6FC7-453B-BDDF-608F825EC003}.Release-Android|Any CPU.ActiveCfg = Release-Android|Any CPU
		{C06D702E-6FC7-453B-BDDF-608F825EC003}.Release-Android|Any CPU.Build.0 = Release-Android|Any CPU
		{C06D702E-6FC7-453B-BDDF-608F825EC003}.Release-IOS|Any CPU.ActiveCfg = Release-IOS|Any CPU
		{C06D702E-6FC7-453B-BDDF-608F825EC003}.Release-IOS|Any CPU.Build.0 = Release-IOS|Any CPU
		{C06D702E-6FC7-453B-BDDF-608F825EC003}.Release-Linux|Any CPU.ActiveCfg = Release-Linux|Any CPU
		{C06D702E-6FC7-453B-BDDF-608F825EC003}.Release-Linux|Any CPU.Build.0 = Release-Linux|Any CPU
		{C06D702E-6FC7-453B-BDDF-608F825EC003}.Release-MacCatalyst|Any CPU.ActiveCfg = Release-MacCatalyst|Any CPU
		{C06D702E-6FC7-453B-BDDF-608F825EC003}.Release-MacCatalyst|Any CPU.Build.0 = Release-MacCatalyst|Any CPU
		{C06D702E-6FC7-453B-BDDF-608F825EC003}.Release-MacOS|Any CPU.ActiveCfg = Release-MacOS|Any CPU
		{C06D702E-6FC7-453B-BDDF-608F825EC003}.Release-MacOS|Any CPU.Build.0 = Release-MacOS|Any CPU
		{C06D702E-6FC7-453B-BDDF-608F825EC003}.Release-Windows|Any CPU.ActiveCfg = Release-Windows|Any CPU
		{C06D702E-6FC7-453B-BDDF-608F825EC003}.Release-Windows|Any CPU.Build.0 = Release-Windows|Any CPU
		{DC5F3D1C-A9A3-44B7-A3C0-82C1FF4C3336}.Debug|Any CPU.ActiveCfg = Debug|Any CPU
		{DC5F3D1C-A9A3-44B7-A3C0-82C1FF4C3336}.Debug|Any CPU.Build.0 = Debug|Any CPU
		{DC5F3D1C-A9A3-44B7-A3C0-82C1FF4C3336}.Debug-Android|Any CPU.ActiveCfg = Debug-Android|Any CPU
		{DC5F3D1C-A9A3-44B7-A3C0-82C1FF4C3336}.Debug-Android|Any CPU.Build.0 = Debug-Android|Any CPU
		{DC5F3D1C-A9A3-44B7-A3C0-82C1FF4C3336}.Debug-IOS|Any CPU.ActiveCfg = Debug-IOS|Any CPU
		{DC5F3D1C-A9A3-44B7-A3C0-82C1FF4C3336}.Debug-IOS|Any CPU.Build.0 = Debug-IOS|Any CPU
		{DC5F3D1C-A9A3-44B7-A3C0-82C1FF4C3336}.Debug-Linux|Any CPU.ActiveCfg = Debug-Linux|Any CPU
		{DC5F3D1C-A9A3-44B7-A3C0-82C1FF4C3336}.Debug-Linux|Any CPU.Build.0 = Debug-Linux|Any CPU
		{DC5F3D1C-A9A3-44B7-A3C0-82C1FF4C3336}.Debug-MacCatalyst|Any CPU.ActiveCfg = Debug-MacCatalyst|Any CPU
		{DC5F3D1C-A9A3-44B7-A3C0-82C1FF4C3336}.Debug-MacCatalyst|Any CPU.Build.0 = Debug-MacCatalyst|Any CPU
		{DC5F3D1C-A9A3-44B7-A3C0-82C1FF4C3336}.Debug-MacOS|Any CPU.ActiveCfg = Debug-MacOS|Any CPU
		{DC5F3D1C-A9A3-44B7-A3C0-82C1FF4C3336}.Debug-MacOS|Any CPU.Build.0 = Debug-MacOS|Any CPU
		{DC5F3D1C-A9A3-44B7-A3C0-82C1FF4C3336}.Debug-Windows|Any CPU.ActiveCfg = Debug-Windows|Any CPU
		{DC5F3D1C-A9A3-44B7-A3C0-82C1FF4C3336}.Debug-Windows|Any CPU.Build.0 = Debug-Windows|Any CPU
		{DC5F3D1C-A9A3-44B7-A3C0-82C1FF4C3336}.Release|Any CPU.ActiveCfg = Debug|Any CPU
		{DC5F3D1C-A9A3-44B7-A3C0-82C1FF4C3336}.Release|Any CPU.Build.0 = Debug|Any CPU
		{DC5F3D1C-A9A3-44B7-A3C0-82C1FF4C3336}.Release-Android|Any CPU.ActiveCfg = Release-Android|Any CPU
		{DC5F3D1C-A9A3-44B7-A3C0-82C1FF4C3336}.Release-Android|Any CPU.Build.0 = Release-Android|Any CPU
		{DC5F3D1C-A9A3-44B7-A3C0-82C1FF4C3336}.Release-IOS|Any CPU.ActiveCfg = Release-IOS|Any CPU
		{DC5F3D1C-A9A3-44B7-A3C0-82C1FF4C3336}.Release-IOS|Any CPU.Build.0 = Release-IOS|Any CPU
		{DC5F3D1C-A9A3-44B7-A3C0-82C1FF4C3336}.Release-Linux|Any CPU.ActiveCfg = Release-Linux|Any CPU
		{DC5F3D1C-A9A3-44B7-A3C0-82C1FF4C3336}.Release-Linux|Any CPU.Build.0 = Release-Linux|Any CPU
		{DC5F3D1C-A9A3-44B7-A3C0-82C1FF4C3336}.Release-MacCatalyst|Any CPU.ActiveCfg = Release-MacCatalyst|Any CPU
		{DC5F3D1C-A9A3-44B7-A3C0-82C1FF4C3336}.Release-MacCatalyst|Any CPU.Build.0 = Release-MacCatalyst|Any CPU
		{DC5F3D1C-A9A3-44B7-A3C0-82C1FF4C3336}.Release-MacOS|Any CPU.ActiveCfg = Release-MacOS|Any CPU
		{DC5F3D1C-A9A3-44B7-A3C0-82C1FF4C3336}.Release-MacOS|Any CPU.Build.0 = Release-MacOS|Any CPU
		{DC5F3D1C-A9A3-44B7-A3C0-82C1FF4C3336}.Release-Windows|Any CPU.ActiveCfg = Release-Windows|Any CPU
		{DC5F3D1C-A9A3-44B7-A3C0-82C1FF4C3336}.Release-Windows|Any CPU.Build.0 = Release-Windows|Any CPU
		{0BD55E69-FF20-4554-8411-763E0124E91B}.Debug|Any CPU.ActiveCfg = Debug|Any CPU
		{0BD55E69-FF20-4554-8411-763E0124E91B}.Debug|Any CPU.Build.0 = Debug|Any CPU
		{0BD55E69-FF20-4554-8411-763E0124E91B}.Debug-Android|Any CPU.ActiveCfg = Debug-Android|Any CPU
		{0BD55E69-FF20-4554-8411-763E0124E91B}.Debug-Android|Any CPU.Build.0 = Debug-Android|Any CPU
		{0BD55E69-FF20-4554-8411-763E0124E91B}.Debug-IOS|Any CPU.ActiveCfg = Debug-IOS|Any CPU
		{0BD55E69-FF20-4554-8411-763E0124E91B}.Debug-IOS|Any CPU.Build.0 = Debug-IOS|Any CPU
		{0BD55E69-FF20-4554-8411-763E0124E91B}.Debug-Linux|Any CPU.ActiveCfg = Debug-Linux|Any CPU
		{0BD55E69-FF20-4554-8411-763E0124E91B}.Debug-Linux|Any CPU.Build.0 = Debug-Linux|Any CPU
		{0BD55E69-FF20-4554-8411-763E0124E91B}.Debug-MacCatalyst|Any CPU.ActiveCfg = Debug-MacCatalyst|Any CPU
		{0BD55E69-FF20-4554-8411-763E0124E91B}.Debug-MacCatalyst|Any CPU.Build.0 = Debug-MacCatalyst|Any CPU
		{0BD55E69-FF20-4554-8411-763E0124E91B}.Debug-MacOS|Any CPU.ActiveCfg = Debug-MacOS|Any CPU
		{0BD55E69-FF20-4554-8411-763E0124E91B}.Debug-MacOS|Any CPU.Build.0 = Debug-MacOS|Any CPU
		{0BD55E69-FF20-4554-8411-763E0124E91B}.Debug-Windows|Any CPU.ActiveCfg = Debug-Windows|Any CPU
		{0BD55E69-FF20-4554-8411-763E0124E91B}.Debug-Windows|Any CPU.Build.0 = Debug-Windows|Any CPU
		{0BD55E69-FF20-4554-8411-763E0124E91B}.Release|Any CPU.ActiveCfg = Debug|Any CPU
		{0BD55E69-FF20-4554-8411-763E0124E91B}.Release|Any CPU.Build.0 = Debug|Any CPU
		{0BD55E69-FF20-4554-8411-763E0124E91B}.Release-Android|Any CPU.ActiveCfg = Release-Android|Any CPU
		{0BD55E69-FF20-4554-8411-763E0124E91B}.Release-Android|Any CPU.Build.0 = Release-Android|Any CPU
		{0BD55E69-FF20-4554-8411-763E0124E91B}.Release-IOS|Any CPU.ActiveCfg = Release-IOS|Any CPU
		{0BD55E69-FF20-4554-8411-763E0124E91B}.Release-IOS|Any CPU.Build.0 = Release-IOS|Any CPU
		{0BD55E69-FF20-4554-8411-763E0124E91B}.Release-Linux|Any CPU.ActiveCfg = Release-Linux|Any CPU
		{0BD55E69-FF20-4554-8411-763E0124E91B}.Release-Linux|Any CPU.Build.0 = Release-Linux|Any CPU
		{0BD55E69-FF20-4554-8411-763E0124E91B}.Release-MacCatalyst|Any CPU.ActiveCfg = Release-MacCatalyst|Any CPU
		{0BD55E69-FF20-4554-8411-763E0124E91B}.Release-MacCatalyst|Any CPU.Build.0 = Release-MacCatalyst|Any CPU
		{0BD55E69-FF20-4554-8411-763E0124E91B}.Release-MacOS|Any CPU.ActiveCfg = Release-MacOS|Any CPU
		{0BD55E69-FF20-4554-8411-763E0124E91B}.Release-MacOS|Any CPU.Build.0 = Release-MacOS|Any CPU
		{0BD55E69-FF20-4554-8411-763E0124E91B}.Release-Windows|Any CPU.ActiveCfg = Release-Windows|Any CPU
		{0BD55E69-FF20-4554-8411-763E0124E91B}.Release-Windows|Any CPU.Build.0 = Release-Windows|Any CPU
		{D553E54F-4B99-438B-B26B-A98C4B62DAC3}.Debug|Any CPU.ActiveCfg = Debug|Any CPU
		{D553E54F-4B99-438B-B26B-A98C4B62DAC3}.Debug|Any CPU.Build.0 = Debug|Any CPU
		{D553E54F-4B99-438B-B26B-A98C4B62DAC3}.Debug-Android|Any CPU.ActiveCfg = Debug-Android|Any CPU
		{D553E54F-4B99-438B-B26B-A98C4B62DAC3}.Debug-Android|Any CPU.Build.0 = Debug-Android|Any CPU
		{D553E54F-4B99-438B-B26B-A98C4B62DAC3}.Debug-IOS|Any CPU.ActiveCfg = Debug-IOS|Any CPU
		{D553E54F-4B99-438B-B26B-A98C4B62DAC3}.Debug-Linux|Any CPU.ActiveCfg = Debug-Linux|Any CPU
		{D553E54F-4B99-438B-B26B-A98C4B62DAC3}.Debug-MacCatalyst|Any CPU.ActiveCfg = Debug-MacCatalyst|Any CPU
		{D553E54F-4B99-438B-B26B-A98C4B62DAC3}.Debug-MacOS|Any CPU.ActiveCfg = Debug-MacOS|Any CPU
		{D553E54F-4B99-438B-B26B-A98C4B62DAC3}.Debug-Windows|Any CPU.ActiveCfg = Debug-Windows|Any CPU
		{D553E54F-4B99-438B-B26B-A98C4B62DAC3}.Release|Any CPU.ActiveCfg = Release-Windows|Any CPU
		{D553E54F-4B99-438B-B26B-A98C4B62DAC3}.Release-Android|Any CPU.ActiveCfg = Release-Android|Any CPU
		{D553E54F-4B99-438B-B26B-A98C4B62DAC3}.Release-Android|Any CPU.Build.0 = Release-Android|Any CPU
		{D553E54F-4B99-438B-B26B-A98C4B62DAC3}.Release-IOS|Any CPU.ActiveCfg = Release-IOS|Any CPU
		{D553E54F-4B99-438B-B26B-A98C4B62DAC3}.Release-Linux|Any CPU.ActiveCfg = Release-Linux|Any CPU
		{D553E54F-4B99-438B-B26B-A98C4B62DAC3}.Release-MacCatalyst|Any CPU.ActiveCfg = Release-MacCatalyst|Any CPU
		{D553E54F-4B99-438B-B26B-A98C4B62DAC3}.Release-MacOS|Any CPU.ActiveCfg = Release-MacOS|Any CPU
		{D553E54F-4B99-438B-B26B-A98C4B62DAC3}.Release-Windows|Any CPU.ActiveCfg = Release-Windows|Any CPU
		{281F3FAE-219D-42D5-AA2B-089C7BBF07C9}.Debug|Any CPU.ActiveCfg = Debug|Any CPU
		{281F3FAE-219D-42D5-AA2B-089C7BBF07C9}.Debug-Android|Any CPU.ActiveCfg = Debug-Android|Any CPU
		{281F3FAE-219D-42D5-AA2B-089C7BBF07C9}.Debug-Android|Any CPU.Build.0 = Debug-Android|Any CPU
		{281F3FAE-219D-42D5-AA2B-089C7BBF07C9}.Debug-IOS|Any CPU.ActiveCfg = Debug-IOS|Any CPU
		{281F3FAE-219D-42D5-AA2B-089C7BBF07C9}.Debug-Linux|Any CPU.ActiveCfg = Debug-Linux|Any CPU
		{281F3FAE-219D-42D5-AA2B-089C7BBF07C9}.Debug-MacCatalyst|Any CPU.ActiveCfg = Debug-MacCatalyst|Any CPU
		{281F3FAE-219D-42D5-AA2B-089C7BBF07C9}.Debug-MacOS|Any CPU.ActiveCfg = Debug-MacOS|Any CPU
		{281F3FAE-219D-42D5-AA2B-089C7BBF07C9}.Debug-Windows|Any CPU.ActiveCfg = Debug-Windows|Any CPU
		{281F3FAE-219D-42D5-AA2B-089C7BBF07C9}.Release|Any CPU.ActiveCfg = Release-Windows|Any CPU
		{281F3FAE-219D-42D5-AA2B-089C7BBF07C9}.Release-Android|Any CPU.ActiveCfg = Release-Android|Any CPU
		{281F3FAE-219D-42D5-AA2B-089C7BBF07C9}.Release-Android|Any CPU.Build.0 = Release-Android|Any CPU
		{281F3FAE-219D-42D5-AA2B-089C7BBF07C9}.Release-IOS|Any CPU.ActiveCfg = Release-IOS|Any CPU
		{281F3FAE-219D-42D5-AA2B-089C7BBF07C9}.Release-Linux|Any CPU.ActiveCfg = Release-Linux|Any CPU
		{281F3FAE-219D-42D5-AA2B-089C7BBF07C9}.Release-MacCatalyst|Any CPU.ActiveCfg = Release-MacCatalyst|Any CPU
		{281F3FAE-219D-42D5-AA2B-089C7BBF07C9}.Release-MacOS|Any CPU.ActiveCfg = Release-MacOS|Any CPU
		{281F3FAE-219D-42D5-AA2B-089C7BBF07C9}.Release-Windows|Any CPU.ActiveCfg = Release-Windows|Any CPU
		{0B4CC39D-521F-47A2-BBA1-2081A10A9892}.Debug|Any CPU.ActiveCfg = Debug|Any CPU
		{0B4CC39D-521F-47A2-BBA1-2081A10A9892}.Debug-Android|Any CPU.ActiveCfg = Debug-Android|Any CPU
		{0B4CC39D-521F-47A2-BBA1-2081A10A9892}.Debug-IOS|Any CPU.ActiveCfg = Debug-IOS|Any CPU
		{0B4CC39D-521F-47A2-BBA1-2081A10A9892}.Debug-IOS|Any CPU.Build.0 = Debug-IOS|Any CPU
		{0B4CC39D-521F-47A2-BBA1-2081A10A9892}.Debug-Linux|Any CPU.ActiveCfg = Debug-Linux|Any CPU
		{0B4CC39D-521F-47A2-BBA1-2081A10A9892}.Debug-MacCatalyst|Any CPU.ActiveCfg = Debug-MacCatalyst|Any CPU
		{0B4CC39D-521F-47A2-BBA1-2081A10A9892}.Debug-MacOS|Any CPU.ActiveCfg = Debug-MacOS|Any CPU
		{0B4CC39D-521F-47A2-BBA1-2081A10A9892}.Debug-Windows|Any CPU.ActiveCfg = Debug-Windows|Any CPU
		{0B4CC39D-521F-47A2-BBA1-2081A10A9892}.Release|Any CPU.ActiveCfg = Release-Windows|Any CPU
		{0B4CC39D-521F-47A2-BBA1-2081A10A9892}.Release-Android|Any CPU.ActiveCfg = Release-Android|Any CPU
		{0B4CC39D-521F-47A2-BBA1-2081A10A9892}.Release-IOS|Any CPU.ActiveCfg = Release-IOS|Any CPU
		{0B4CC39D-521F-47A2-BBA1-2081A10A9892}.Release-IOS|Any CPU.Build.0 = Release-IOS|Any CPU
		{0B4CC39D-521F-47A2-BBA1-2081A10A9892}.Release-Linux|Any CPU.ActiveCfg = Release-Linux|Any CPU
		{0B4CC39D-521F-47A2-BBA1-2081A10A9892}.Release-MacCatalyst|Any CPU.ActiveCfg = Release-MacCatalyst|Any CPU
		{0B4CC39D-521F-47A2-BBA1-2081A10A9892}.Release-MacOS|Any CPU.ActiveCfg = Release-MacOS|Any CPU
		{0B4CC39D-521F-47A2-BBA1-2081A10A9892}.Release-Windows|Any CPU.ActiveCfg = Release-Windows|Any CPU
		{94CEBCDD-4840-4683-A15F-C47CFDBE264B}.Debug|Any CPU.ActiveCfg = Debug|Any CPU
		{94CEBCDD-4840-4683-A15F-C47CFDBE264B}.Debug-Android|Any CPU.ActiveCfg = Debug-Android|Any CPU
		{94CEBCDD-4840-4683-A15F-C47CFDBE264B}.Debug-IOS|Any CPU.ActiveCfg = Debug-IOS|Any CPU
		{94CEBCDD-4840-4683-A15F-C47CFDBE264B}.Debug-IOS|Any CPU.Build.0 = Debug-IOS|Any CPU
		{94CEBCDD-4840-4683-A15F-C47CFDBE264B}.Debug-Linux|Any CPU.ActiveCfg = Debug-Linux|Any CPU
		{94CEBCDD-4840-4683-A15F-C47CFDBE264B}.Debug-MacCatalyst|Any CPU.ActiveCfg = Debug-MacCatalyst|Any CPU
		{94CEBCDD-4840-4683-A15F-C47CFDBE264B}.Debug-MacOS|Any CPU.ActiveCfg = Debug-MacOS|Any CPU
		{94CEBCDD-4840-4683-A15F-C47CFDBE264B}.Debug-Windows|Any CPU.ActiveCfg = Debug-Windows|Any CPU
		{94CEBCDD-4840-4683-A15F-C47CFDBE264B}.Release|Any CPU.ActiveCfg = Release-Windows|Any CPU
		{94CEBCDD-4840-4683-A15F-C47CFDBE264B}.Release-Android|Any CPU.ActiveCfg = Release-Android|Any CPU
		{94CEBCDD-4840-4683-A15F-C47CFDBE264B}.Release-IOS|Any CPU.ActiveCfg = Release-IOS|Any CPU
		{94CEBCDD-4840-4683-A15F-C47CFDBE264B}.Release-IOS|Any CPU.Build.0 = Release-IOS|Any CPU
		{94CEBCDD-4840-4683-A15F-C47CFDBE264B}.Release-Linux|Any CPU.ActiveCfg = Release-Linux|Any CPU
		{94CEBCDD-4840-4683-A15F-C47CFDBE264B}.Release-MacCatalyst|Any CPU.ActiveCfg = Release-MacCatalyst|Any CPU
		{94CEBCDD-4840-4683-A15F-C47CFDBE264B}.Release-MacOS|Any CPU.ActiveCfg = Release-MacOS|Any CPU
		{94CEBCDD-4840-4683-A15F-C47CFDBE264B}.Release-Windows|Any CPU.ActiveCfg = Release-Windows|Any CPU
		{783B42DB-6F27-4E40-B218-20CCCB340A46}.Debug|Any CPU.ActiveCfg = Debug|Any CPU
		{783B42DB-6F27-4E40-B218-20CCCB340A46}.Debug-Android|Any CPU.ActiveCfg = Debug-Android|Any CPU
		{783B42DB-6F27-4E40-B218-20CCCB340A46}.Debug-IOS|Any CPU.ActiveCfg = Debug-IOS|Any CPU
		{783B42DB-6F27-4E40-B218-20CCCB340A46}.Debug-Linux|Any CPU.ActiveCfg = Debug-Linux|Any CPU
		{783B42DB-6F27-4E40-B218-20CCCB340A46}.Debug-Linux|Any CPU.Build.0 = Debug-Linux|Any CPU
		{783B42DB-6F27-4E40-B218-20CCCB340A46}.Debug-MacCatalyst|Any CPU.ActiveCfg = Debug-MacCatalyst|Any CPU
		{783B42DB-6F27-4E40-B218-20CCCB340A46}.Debug-MacOS|Any CPU.ActiveCfg = Debug-MacOS|Any CPU
		{783B42DB-6F27-4E40-B218-20CCCB340A46}.Debug-Windows|Any CPU.ActiveCfg = Debug-Windows|Any CPU
		{783B42DB-6F27-4E40-B218-20CCCB340A46}.Release|Any CPU.ActiveCfg = Release-Windows|Any CPU
		{783B42DB-6F27-4E40-B218-20CCCB340A46}.Release-Android|Any CPU.ActiveCfg = Release-Android|Any CPU
		{783B42DB-6F27-4E40-B218-20CCCB340A46}.Release-IOS|Any CPU.ActiveCfg = Release-IOS|Any CPU
		{783B42DB-6F27-4E40-B218-20CCCB340A46}.Release-Linux|Any CPU.ActiveCfg = Release-Linux|Any CPU
		{783B42DB-6F27-4E40-B218-20CCCB340A46}.Release-Linux|Any CPU.Build.0 = Release-Linux|Any CPU
		{783B42DB-6F27-4E40-B218-20CCCB340A46}.Release-MacCatalyst|Any CPU.ActiveCfg = Release-MacCatalyst|Any CPU
		{783B42DB-6F27-4E40-B218-20CCCB340A46}.Release-MacOS|Any CPU.ActiveCfg = Release-MacOS|Any CPU
		{783B42DB-6F27-4E40-B218-20CCCB340A46}.Release-Windows|Any CPU.ActiveCfg = Release-Windows|Any CPU
		{FB7E620C-BFBD-40C4-A912-720BFF8E0423}.Debug|Any CPU.ActiveCfg = Debug|Any CPU
		{FB7E620C-BFBD-40C4-A912-720BFF8E0423}.Debug-Android|Any CPU.ActiveCfg = Debug-Android|Any CPU
		{FB7E620C-BFBD-40C4-A912-720BFF8E0423}.Debug-IOS|Any CPU.ActiveCfg = Debug-IOS|Any CPU
		{FB7E620C-BFBD-40C4-A912-720BFF8E0423}.Debug-Linux|Any CPU.ActiveCfg = Debug-Linux|Any CPU
		{FB7E620C-BFBD-40C4-A912-720BFF8E0423}.Debug-Linux|Any CPU.Build.0 = Debug-Linux|Any CPU
		{FB7E620C-BFBD-40C4-A912-720BFF8E0423}.Debug-MacCatalyst|Any CPU.ActiveCfg = Debug-MacCatalyst|Any CPU
		{FB7E620C-BFBD-40C4-A912-720BFF8E0423}.Debug-MacOS|Any CPU.ActiveCfg = Debug-MacOS|Any CPU
		{FB7E620C-BFBD-40C4-A912-720BFF8E0423}.Debug-Windows|Any CPU.ActiveCfg = Debug-Windows|Any CPU
		{FB7E620C-BFBD-40C4-A912-720BFF8E0423}.Release|Any CPU.ActiveCfg = Release-Windows|Any CPU
		{FB7E620C-BFBD-40C4-A912-720BFF8E0423}.Release-Android|Any CPU.ActiveCfg = Release-Android|Any CPU
		{FB7E620C-BFBD-40C4-A912-720BFF8E0423}.Release-IOS|Any CPU.ActiveCfg = Release-IOS|Any CPU
		{FB7E620C-BFBD-40C4-A912-720BFF8E0423}.Release-Linux|Any CPU.ActiveCfg = Release-Linux|Any CPU
		{FB7E620C-BFBD-40C4-A912-720BFF8E0423}.Release-Linux|Any CPU.Build.0 = Release-Linux|Any CPU
		{FB7E620C-BFBD-40C4-A912-720BFF8E0423}.Release-MacCatalyst|Any CPU.ActiveCfg = Release-MacCatalyst|Any CPU
		{FB7E620C-BFBD-40C4-A912-720BFF8E0423}.Release-MacOS|Any CPU.ActiveCfg = Release-MacOS|Any CPU
		{FB7E620C-BFBD-40C4-A912-720BFF8E0423}.Release-Windows|Any CPU.ActiveCfg = Release-Windows|Any CPU
		{8F144F53-6EF8-4186-85C4-8D7C282BC96B}.Debug|Any CPU.ActiveCfg = Debug|Any CPU
		{8F144F53-6EF8-4186-85C4-8D7C282BC96B}.Debug-Android|Any CPU.ActiveCfg = Debug-Android|Any CPU
		{8F144F53-6EF8-4186-85C4-8D7C282BC96B}.Debug-IOS|Any CPU.ActiveCfg = Debug-IOS|Any CPU
		{8F144F53-6EF8-4186-85C4-8D7C282BC96B}.Debug-Linux|Any CPU.ActiveCfg = Debug-Linux|Any CPU
		{8F144F53-6EF8-4186-85C4-8D7C282BC96B}.Debug-MacCatalyst|Any CPU.ActiveCfg = Debug-MacCatalyst|Any CPU
		{8F144F53-6EF8-4186-85C4-8D7C282BC96B}.Debug-MacCatalyst|Any CPU.Build.0 = Debug-MacCatalyst|Any CPU
		{8F144F53-6EF8-4186-85C4-8D7C282BC96B}.Debug-MacOS|Any CPU.ActiveCfg = Debug-MacOS|Any CPU
		{8F144F53-6EF8-4186-85C4-8D7C282BC96B}.Debug-Windows|Any CPU.ActiveCfg = Debug-Windows|Any CPU
		{8F144F53-6EF8-4186-85C4-8D7C282BC96B}.Release|Any CPU.ActiveCfg = Release-Windows|Any CPU
		{8F144F53-6EF8-4186-85C4-8D7C282BC96B}.Release-Android|Any CPU.ActiveCfg = Release-Android|Any CPU
		{8F144F53-6EF8-4186-85C4-8D7C282BC96B}.Release-IOS|Any CPU.ActiveCfg = Release-IOS|Any CPU
		{8F144F53-6EF8-4186-85C4-8D7C282BC96B}.Release-Linux|Any CPU.ActiveCfg = Release-Linux|Any CPU
		{8F144F53-6EF8-4186-85C4-8D7C282BC96B}.Release-MacCatalyst|Any CPU.ActiveCfg = Release-MacCatalyst|Any CPU
		{8F144F53-6EF8-4186-85C4-8D7C282BC96B}.Release-MacCatalyst|Any CPU.Build.0 = Release-MacCatalyst|Any CPU
		{8F144F53-6EF8-4186-85C4-8D7C282BC96B}.Release-MacOS|Any CPU.ActiveCfg = Release-MacOS|Any CPU
		{8F144F53-6EF8-4186-85C4-8D7C282BC96B}.Release-Windows|Any CPU.ActiveCfg = Release-Windows|Any CPU
		{D47DA05F-ACF5-49C4-B4BC-47E7EFD54638}.Debug|Any CPU.ActiveCfg = Debug|Any CPU
		{D47DA05F-ACF5-49C4-B4BC-47E7EFD54638}.Debug-Android|Any CPU.ActiveCfg = Debug-Android|Any CPU
		{D47DA05F-ACF5-49C4-B4BC-47E7EFD54638}.Debug-IOS|Any CPU.ActiveCfg = Debug-IOS|Any CPU
		{D47DA05F-ACF5-49C4-B4BC-47E7EFD54638}.Debug-Linux|Any CPU.ActiveCfg = Debug-Linux|Any CPU
		{D47DA05F-ACF5-49C4-B4BC-47E7EFD54638}.Debug-MacCatalyst|Any CPU.ActiveCfg = Debug-MacCatalyst|Any CPU
		{D47DA05F-ACF5-49C4-B4BC-47E7EFD54638}.Debug-MacCatalyst|Any CPU.Build.0 = Debug-MacCatalyst|Any CPU
		{D47DA05F-ACF5-49C4-B4BC-47E7EFD54638}.Debug-MacOS|Any CPU.ActiveCfg = Debug-MacOS|Any CPU
		{D47DA05F-ACF5-49C4-B4BC-47E7EFD54638}.Debug-Windows|Any CPU.ActiveCfg = Debug-Windows|Any CPU
		{D47DA05F-ACF5-49C4-B4BC-47E7EFD54638}.Release|Any CPU.ActiveCfg = Release-Windows|Any CPU
		{D47DA05F-ACF5-49C4-B4BC-47E7EFD54638}.Release-Android|Any CPU.ActiveCfg = Release-Android|Any CPU
		{D47DA05F-ACF5-49C4-B4BC-47E7EFD54638}.Release-IOS|Any CPU.ActiveCfg = Release-IOS|Any CPU
		{D47DA05F-ACF5-49C4-B4BC-47E7EFD54638}.Release-Linux|Any CPU.ActiveCfg = Release-Linux|Any CPU
		{D47DA05F-ACF5-49C4-B4BC-47E7EFD54638}.Release-MacCatalyst|Any CPU.ActiveCfg = Release-MacCatalyst|Any CPU
		{D47DA05F-ACF5-49C4-B4BC-47E7EFD54638}.Release-MacCatalyst|Any CPU.Build.0 = Release-MacCatalyst|Any CPU
		{D47DA05F-ACF5-49C4-B4BC-47E7EFD54638}.Release-MacOS|Any CPU.ActiveCfg = Release-MacOS|Any CPU
		{D47DA05F-ACF5-49C4-B4BC-47E7EFD54638}.Release-Windows|Any CPU.ActiveCfg = Release-Windows|Any CPU
		{736C750E-EAE7-4557-97BD-6E76C666D07C}.Debug|Any CPU.ActiveCfg = Debug|Any CPU
		{736C750E-EAE7-4557-97BD-6E76C666D07C}.Debug-Android|Any CPU.ActiveCfg = Debug-Android|Any CPU
		{736C750E-EAE7-4557-97BD-6E76C666D07C}.Debug-IOS|Any CPU.ActiveCfg = Debug-IOS|Any CPU
		{736C750E-EAE7-4557-97BD-6E76C666D07C}.Debug-Linux|Any CPU.ActiveCfg = Debug-Linux|Any CPU
		{736C750E-EAE7-4557-97BD-6E76C666D07C}.Debug-MacCatalyst|Any CPU.ActiveCfg = Debug-MacCatalyst|Any CPU
		{736C750E-EAE7-4557-97BD-6E76C666D07C}.Debug-MacOS|Any CPU.ActiveCfg = Debug-MacOS|Any CPU
		{736C750E-EAE7-4557-97BD-6E76C666D07C}.Debug-MacOS|Any CPU.Build.0 = Debug-MacOS|Any CPU
		{736C750E-EAE7-4557-97BD-6E76C666D07C}.Debug-Windows|Any CPU.ActiveCfg = Debug-Windows|Any CPU
		{736C750E-EAE7-4557-97BD-6E76C666D07C}.Release|Any CPU.ActiveCfg = Release-Windows|Any CPU
		{736C750E-EAE7-4557-97BD-6E76C666D07C}.Release-Android|Any CPU.ActiveCfg = Release-Android|Any CPU
		{736C750E-EAE7-4557-97BD-6E76C666D07C}.Release-IOS|Any CPU.ActiveCfg = Release-IOS|Any CPU
		{736C750E-EAE7-4557-97BD-6E76C666D07C}.Release-Linux|Any CPU.ActiveCfg = Release-Linux|Any CPU
		{736C750E-EAE7-4557-97BD-6E76C666D07C}.Release-MacCatalyst|Any CPU.ActiveCfg = Release-MacCatalyst|Any CPU
		{736C750E-EAE7-4557-97BD-6E76C666D07C}.Release-MacOS|Any CPU.ActiveCfg = Release-MacOS|Any CPU
		{736C750E-EAE7-4557-97BD-6E76C666D07C}.Release-MacOS|Any CPU.Build.0 = Release-MacOS|Any CPU
		{736C750E-EAE7-4557-97BD-6E76C666D07C}.Release-Windows|Any CPU.ActiveCfg = Release-Windows|Any CPU
		{3EE4FCA0-9AAF-4B54-81B5-A16DF2C3E78F}.Debug|Any CPU.ActiveCfg = Debug|Any CPU
		{3EE4FCA0-9AAF-4B54-81B5-A16DF2C3E78F}.Debug-Android|Any CPU.ActiveCfg = Debug-Android|Any CPU
		{3EE4FCA0-9AAF-4B54-81B5-A16DF2C3E78F}.Debug-IOS|Any CPU.ActiveCfg = Debug-IOS|Any CPU
		{3EE4FCA0-9AAF-4B54-81B5-A16DF2C3E78F}.Debug-Linux|Any CPU.ActiveCfg = Debug-Linux|Any CPU
		{3EE4FCA0-9AAF-4B54-81B5-A16DF2C3E78F}.Debug-MacCatalyst|Any CPU.ActiveCfg = Debug-MacCatalyst|Any CPU
		{3EE4FCA0-9AAF-4B54-81B5-A16DF2C3E78F}.Debug-MacOS|Any CPU.ActiveCfg = Debug-MacOS|Any CPU
		{3EE4FCA0-9AAF-4B54-81B5-A16DF2C3E78F}.Debug-MacOS|Any CPU.Build.0 = Debug-MacOS|Any CPU
		{3EE4FCA0-9AAF-4B54-81B5-A16DF2C3E78F}.Debug-Windows|Any CPU.ActiveCfg = Debug-Windows|Any CPU
		{3EE4FCA0-9AAF-4B54-81B5-A16DF2C3E78F}.Release|Any CPU.ActiveCfg = Release-Windows|Any CPU
		{3EE4FCA0-9AAF-4B54-81B5-A16DF2C3E78F}.Release-Android|Any CPU.ActiveCfg = Release-Android|Any CPU
		{3EE4FCA0-9AAF-4B54-81B5-A16DF2C3E78F}.Release-IOS|Any CPU.ActiveCfg = Release-IOS|Any CPU
		{3EE4FCA0-9AAF-4B54-81B5-A16DF2C3E78F}.Release-Linux|Any CPU.ActiveCfg = Release-Linux|Any CPU
		{3EE4FCA0-9AAF-4B54-81B5-A16DF2C3E78F}.Release-MacCatalyst|Any CPU.ActiveCfg = Release-MacCatalyst|Any CPU
		{3EE4FCA0-9AAF-4B54-81B5-A16DF2C3E78F}.Release-MacOS|Any CPU.ActiveCfg = Release-MacOS|Any CPU
		{3EE4FCA0-9AAF-4B54-81B5-A16DF2C3E78F}.Release-MacOS|Any CPU.Build.0 = Release-MacOS|Any CPU
		{3EE4FCA0-9AAF-4B54-81B5-A16DF2C3E78F}.Release-Windows|Any CPU.ActiveCfg = Release-Windows|Any CPU
		{CA8A3977-2C5F-488E-BAEA-D90ACFDCD355}.Debug|Any CPU.ActiveCfg = Debug|Any CPU
		{CA8A3977-2C5F-488E-BAEA-D90ACFDCD355}.Debug|Any CPU.Build.0 = Debug|Any CPU
		{CA8A3977-2C5F-488E-BAEA-D90ACFDCD355}.Debug-Android|Any CPU.ActiveCfg = Debug-Android|Any CPU
		{CA8A3977-2C5F-488E-BAEA-D90ACFDCD355}.Debug-IOS|Any CPU.ActiveCfg = Debug-IOS|Any CPU
		{CA8A3977-2C5F-488E-BAEA-D90ACFDCD355}.Debug-Linux|Any CPU.ActiveCfg = Debug-Linux|Any CPU
		{CA8A3977-2C5F-488E-BAEA-D90ACFDCD355}.Debug-MacCatalyst|Any CPU.ActiveCfg = Debug-MacCatalyst|Any CPU
		{CA8A3977-2C5F-488E-BAEA-D90ACFDCD355}.Debug-MacOS|Any CPU.ActiveCfg = Debug-MacOS|Any CPU
		{CA8A3977-2C5F-488E-BAEA-D90ACFDCD355}.Debug-Windows|Any CPU.ActiveCfg = Debug-Windows|Any CPU
		{CA8A3977-2C5F-488E-BAEA-D90ACFDCD355}.Debug-Windows|Any CPU.Build.0 = Debug-Windows|Any CPU
		{CA8A3977-2C5F-488E-BAEA-D90ACFDCD355}.Release|Any CPU.ActiveCfg = Release-Windows|Any CPU
		{CA8A3977-2C5F-488E-BAEA-D90ACFDCD355}.Release|Any CPU.Build.0 = Release-Windows|Any CPU
		{CA8A3977-2C5F-488E-BAEA-D90ACFDCD355}.Release-Android|Any CPU.ActiveCfg = Release-Android|Any CPU
		{CA8A3977-2C5F-488E-BAEA-D90ACFDCD355}.Release-IOS|Any CPU.ActiveCfg = Release-IOS|Any CPU
		{CA8A3977-2C5F-488E-BAEA-D90ACFDCD355}.Release-Linux|Any CPU.ActiveCfg = Release-Linux|Any CPU
		{CA8A3977-2C5F-488E-BAEA-D90ACFDCD355}.Release-MacCatalyst|Any CPU.ActiveCfg = Release-MacCatalyst|Any CPU
		{CA8A3977-2C5F-488E-BAEA-D90ACFDCD355}.Release-MacOS|Any CPU.ActiveCfg = Release-MacOS|Any CPU
		{CA8A3977-2C5F-488E-BAEA-D90ACFDCD355}.Release-Windows|Any CPU.ActiveCfg = Release-Windows|Any CPU
		{CA8A3977-2C5F-488E-BAEA-D90ACFDCD355}.Release-Windows|Any CPU.Build.0 = Release-Windows|Any CPU
		{B675712D-85B9-487F-97C3-CD95454416B1}.Debug|Any CPU.ActiveCfg = Debug|Any CPU
		{B675712D-85B9-487F-97C3-CD95454416B1}.Debug|Any CPU.Build.0 = Debug|Any CPU
		{B675712D-85B9-487F-97C3-CD95454416B1}.Debug-Android|Any CPU.ActiveCfg = Debug-Android|Any CPU
		{B675712D-85B9-487F-97C3-CD95454416B1}.Debug-IOS|Any CPU.ActiveCfg = Debug-IOS|Any CPU
		{B675712D-85B9-487F-97C3-CD95454416B1}.Debug-Linux|Any CPU.ActiveCfg = Debug-Linux|Any CPU
		{B675712D-85B9-487F-97C3-CD95454416B1}.Debug-MacCatalyst|Any CPU.ActiveCfg = Debug-MacCatalyst|Any CPU
		{B675712D-85B9-487F-97C3-CD95454416B1}.Debug-MacOS|Any CPU.ActiveCfg = Debug-MacOS|Any CPU
		{B675712D-85B9-487F-97C3-CD95454416B1}.Debug-Windows|Any CPU.ActiveCfg = Debug-Windows|Any CPU
		{B675712D-85B9-487F-97C3-CD95454416B1}.Debug-Windows|Any CPU.Build.0 = Debug-Windows|Any CPU
		{B675712D-85B9-487F-97C3-CD95454416B1}.Release|Any CPU.ActiveCfg = Release-Windows|Any CPU
		{B675712D-85B9-487F-97C3-CD95454416B1}.Release|Any CPU.Build.0 = Release-Windows|Any CPU
		{B675712D-85B9-487F-97C3-CD95454416B1}.Release-Android|Any CPU.ActiveCfg = Release-Android|Any CPU
		{B675712D-85B9-487F-97C3-CD95454416B1}.Release-IOS|Any CPU.ActiveCfg = Release-IOS|Any CPU
		{B675712D-85B9-487F-97C3-CD95454416B1}.Release-Linux|Any CPU.ActiveCfg = Release-Linux|Any CPU
		{B675712D-85B9-487F-97C3-CD95454416B1}.Release-MacCatalyst|Any CPU.ActiveCfg = Release-MacCatalyst|Any CPU
		{B675712D-85B9-487F-97C3-CD95454416B1}.Release-MacOS|Any CPU.ActiveCfg = Release-MacOS|Any CPU
		{B675712D-85B9-487F-97C3-CD95454416B1}.Release-Windows|Any CPU.ActiveCfg = Release-Windows|Any CPU
		{B675712D-85B9-487F-97C3-CD95454416B1}.Release-Windows|Any CPU.Build.0 = Release-Windows|Any CPU
	EndGlobalSection
	GlobalSection(SolutionProperties) = preSolution
		HideSolutionNode = FALSE
	EndGlobalSection
	GlobalSection(NestedProjects) = preSolution
		{D0F63F04-0FDB-41C2-89EB-D2004E5D07F2} = {1CE9670B-D5FF-46A7-9D00-24E70E6ED48B}
		{9D838577-A1C7-4A5D-B5EF-7E300FDDD016} = {D0F63F04-0FDB-41C2-89EB-D2004E5D07F2}
		{FC5CE323-2E9A-479A-B8E8-E5999A44A925} = {D0F63F04-0FDB-41C2-89EB-D2004E5D07F2}
		{ECCE870F-5368-4208-A7F7-9FFEFA44BDF6} = {D0F63F04-0FDB-41C2-89EB-D2004E5D07F2}
		{0DE000CB-A515-4428-B8E2-3FC9B7302B21} = {D0F63F04-0FDB-41C2-89EB-D2004E5D07F2}
		{9A37BDB0-AE53-493C-B418-EFADEF755110} = {FC5CE323-2E9A-479A-B8E8-E5999A44A925}
		{788362BC-D7B0-4D52-896A-A9BACDB1B71A} = {ECCE870F-5368-4208-A7F7-9FFEFA44BDF6}
		{2D97BEB0-D6B4-4216-861D-CA63F4BEE5E7} = {ECCE870F-5368-4208-A7F7-9FFEFA44BDF6}
		{017C64CF-F2BF-413C-ABC0-0A286F49DE76} = {B2E7BFF3-4EDB-4A21-8A20-BC390335F7BA}
		{596E2389-8A1E-4494-8006-9628084C763D} = {627BAEEC-777B-4293-93F0-3624B90628C4}
		{13BC7426-20CF-4809-B17E-EAB06A05F3E3} = {596E2389-8A1E-4494-8006-9628084C763D}
		{DD784E37-15DB-49B8-8A2F-16EC95044DF7} = {596E2389-8A1E-4494-8006-9628084C763D}
		{FD053022-975F-4F9E-8F09-2D2613A7025B} = {627BAEEC-777B-4293-93F0-3624B90628C4}
		{4246BE49-C37D-4955-92D1-0610A1CA9341} = {FD053022-975F-4F9E-8F09-2D2613A7025B}
		{FB64D94C-3371-48C8-B5D0-DA6D4BAE3A95} = {FD053022-975F-4F9E-8F09-2D2613A7025B}
		{972181BB-589F-47F7-8103-5AD208732612} = {FD053022-975F-4F9E-8F09-2D2613A7025B}
		{CAC73772-1E23-49D0-83CE-221244AA1EFD} = {FD053022-975F-4F9E-8F09-2D2613A7025B}
		{ECD354A5-75E8-4383-B0EF-51D9B31D01A2} = {FD053022-975F-4F9E-8F09-2D2613A7025B}
		{0E67E283-678A-4C42-B1B1-9F3DB89844CF} = {FD053022-975F-4F9E-8F09-2D2613A7025B}
		{D553E54F-4B99-438B-B26B-A98C4B62DAC3} = {4246BE49-C37D-4955-92D1-0610A1CA9341}
		{281F3FAE-219D-42D5-AA2B-089C7BBF07C9} = {4246BE49-C37D-4955-92D1-0610A1CA9341}
		{0B4CC39D-521F-47A2-BBA1-2081A10A9892} = {FB64D94C-3371-48C8-B5D0-DA6D4BAE3A95}
		{94CEBCDD-4840-4683-A15F-C47CFDBE264B} = {FB64D94C-3371-48C8-B5D0-DA6D4BAE3A95}
		{783B42DB-6F27-4E40-B218-20CCCB340A46} = {972181BB-589F-47F7-8103-5AD208732612}
		{FB7E620C-BFBD-40C4-A912-720BFF8E0423} = {972181BB-589F-47F7-8103-5AD208732612}
		{8F144F53-6EF8-4186-85C4-8D7C282BC96B} = {CAC73772-1E23-49D0-83CE-221244AA1EFD}
		{D47DA05F-ACF5-49C4-B4BC-47E7EFD54638} = {CAC73772-1E23-49D0-83CE-221244AA1EFD}
		{736C750E-EAE7-4557-97BD-6E76C666D07C} = {ECD354A5-75E8-4383-B0EF-51D9B31D01A2}
		{3EE4FCA0-9AAF-4B54-81B5-A16DF2C3E78F} = {ECD354A5-75E8-4383-B0EF-51D9B31D01A2}
		{CA8A3977-2C5F-488E-BAEA-D90ACFDCD355} = {0E67E283-678A-4C42-B1B1-9F3DB89844CF}
		{B675712D-85B9-487F-97C3-CD95454416B1} = {0E67E283-678A-4C42-B1B1-9F3DB89844CF}
	EndGlobalSection
	GlobalSection(ExtensibilityGlobals) = postSolution
		SolutionGuid = {E3944F6A-384B-4B0F-B93F-3BD513DC57BD}
	EndGlobalSection
EndGlobal
