
Microsoft Visual Studio Solution File, Format Version 12.00
# Visual Studio Version 17
VisualStudioVersion = 17.0.31612.314
MinimumVisualStudioVersion = 15.0.26124.0
Project("{9A19103F-16F7-4668-BE54-9A1E7A4F7556}") = "Library", "src\core\Library\Library.csproj", "{C06D702E-6FC7-453B-BDDF-608F825EC003}"
EndProject
Project("{9A19103F-16F7-4668-BE54-9A1E7A4F7556}") = "Library.UnitTests", "test\core\Library.UnitTests\Library.UnitTests.csproj", "{DC5F3D1C-A9A3-44B7-A3C0-82C1FF4C3336}"
EndProject
Project("{9A19103F-16F7-4668-BE54-9A1E7A4F7556}") = "Library.IntegrationTests", "test\core\Library.IntegrationTests\Library.IntegrationTests.csproj", "{0BD55E69-FF20-4554-8411-763E0124E91B}"
EndProject
Project("{2150E333-8FDC-42A3-9474-1A3956D46DE8}") = "Solution Items", "Solution Items", "{1CE9670B-D5FF-46A7-9D00-24E70E6ED48B}"
	ProjectSection(SolutionItems) = preProject
		.editorconfig = .editorconfig
		.gitattributes = .gitattributes
		.gitignore = .gitignore
		azure-pipelines.yml = azure-pipelines.yml
		CONTRIBUTING.md = CONTRIBUTING.md
		Directory.Build.props = Directory.Build.props
		Directory.Build.rsp = Directory.Build.rsp
		Directory.Build.targets = Directory.Build.targets
		global.json = global.json
		init.cmd = init.cmd
		init.ps1 = init.ps1
		LICENSE = LICENSE
		nuget.config = nuget.config
		README.md = README.md
		strongname.snk = strongname.snk
		stylecop.json = stylecop.json
		version.json = version.json
	EndProjectSection
EndProject
Project("{2150E333-8FDC-42A3-9474-1A3956D46DE8}") = "eng", "eng", "{D0F63F04-0FDB-41C2-89EB-D2004E5D07F2}"
EndProject
Project("{2150E333-8FDC-42A3-9474-1A3956D46DE8}") = ".devcontainer", ".devcontainer", "{9D838577-A1C7-4A5D-B5EF-7E300FDDD016}"
	ProjectSection(SolutionItems) = preProject
		.devcontainer\devcontainer.json = .devcontainer\devcontainer.json
		.devcontainer\Dockerfile = .devcontainer\Dockerfile
	EndProjectSection
EndProject
Project("{2150E333-8FDC-42A3-9474-1A3956D46DE8}") = ".github", ".github", "{FC5CE323-2E9A-479A-B8E8-E5999A44A925}"
	ProjectSection(SolutionItems) = preProject
		.github\dependabot.yml = .github\dependabot.yml
	EndProjectSection
EndProject
Project("{2150E333-8FDC-42A3-9474-1A3956D46DE8}") = "azure-pipelines", "azure-pipelines", "{ECCE870F-5368-4208-A7F7-9FFEFA44BDF6}"
	ProjectSection(SolutionItems) = preProject
		azure-pipelines\build.yml = azure-pipelines\build.yml
		azure-pipelines\Convert-PDB.ps1 = azure-pipelines\Convert-PDB.ps1
		azure-pipelines\Darwin.runsettings = azure-pipelines\Darwin.runsettings
		azure-pipelines\dotnet.yml = azure-pipelines\dotnet.yml
		azure-pipelines\expand-template.yml = azure-pipelines\expand-template.yml
		azure-pipelines\Get-MauiCheckTool.ps1 = azure-pipelines\Get-MauiCheckTool.ps1
		azure-pipelines\Get-nbgv.ps1 = azure-pipelines\Get-nbgv.ps1
		azure-pipelines\Get-NuGetTool.ps1 = azure-pipelines\Get-NuGetTool.ps1
		azure-pipelines\Get-ProcDump.ps1 = azure-pipelines\Get-ProcDump.ps1
		azure-pipelines\Get-SymbolFiles.ps1 = azure-pipelines\Get-SymbolFiles.ps1
		azure-pipelines\Get-TempToolsPath.ps1 = azure-pipelines\Get-TempToolsPath.ps1
		azure-pipelines\Get-XHarnessTool.ps1 = azure-pipelines\Get-XHarnessTool.ps1
		azure-pipelines\install-dependencies.yml = azure-pipelines\install-dependencies.yml
		azure-pipelines\justnugetorg.nuget.config = azure-pipelines\justnugetorg.nuget.config
		azure-pipelines\Linux.runsettings = azure-pipelines\Linux.runsettings
		azure-pipelines\publish-codecoverage.yml = azure-pipelines\publish-codecoverage.yml
		azure-pipelines\publish-deployables.yml = azure-pipelines\publish-deployables.yml
		azure-pipelines\release.yml = azure-pipelines\release.yml
		azure-pipelines\Windows_NT.runsettings = azure-pipelines\Windows_NT.runsettings
	EndProjectSection
EndProject
Project("{2150E333-8FDC-42A3-9474-1A3956D46DE8}") = "tools", "tools", "{0DE000CB-A515-4428-B8E2-3FC9B7302B21}"
	ProjectSection(SolutionItems) = preProject
		tools\Check-DotNetRuntime.ps1 = tools\Check-DotNetRuntime.ps1
		tools\Check-DotNetSdk.ps1 = tools\Check-DotNetSdk.ps1
		tools\Install-DotNetSdk.ps1 = tools\Install-DotNetSdk.ps1
		tools\Install-Maui.ps1 = tools\Install-Maui.ps1
		tools\Install-NuGetCredProvider.ps1 = tools\Install-NuGetCredProvider.ps1
		tools\Install-XHarnessTool.ps1 = tools\Install-XHarnessTool.ps1
		tools\Set-EnvVars.ps1 = tools\Set-EnvVars.ps1
	EndProjectSection
EndProject
Project("{2150E333-8FDC-42A3-9474-1A3956D46DE8}") = "workflows", "workflows", "{9A37BDB0-AE53-493C-B418-EFADEF755110}"
	ProjectSection(SolutionItems) = preProject
		.github\workflows\build.yml = .github\workflows\build.yml
		.github\workflows\Linux.runsettings = .github\workflows\Linux.runsettings
		.github\workflows\macOS.runsettings = .github\workflows\macOS.runsettings
		.github\workflows\Windows.runsettings = .github\workflows\Windows.runsettings
	EndProjectSection
EndProject
Project("{2150E333-8FDC-42A3-9474-1A3956D46DE8}") = "artifacts", "artifacts", "{788362BC-D7B0-4D52-896A-A9BACDB1B71A}"
	ProjectSection(SolutionItems) = preProject
		azure-pipelines\artifacts\_all.ps1 = azure-pipelines\artifacts\_all.ps1
		azure-pipelines\artifacts\_pipelines.ps1 = azure-pipelines\artifacts\_pipelines.ps1
		azure-pipelines\artifacts\_stage_all.ps1 = azure-pipelines\artifacts\_stage_all.ps1
		azure-pipelines\artifacts\build_logs.ps1 = azure-pipelines\artifacts\build_logs.ps1
		azure-pipelines\artifacts\coverageResults.ps1 = azure-pipelines\artifacts\coverageResults.ps1
		azure-pipelines\artifacts\deployables.ps1 = azure-pipelines\artifacts\deployables.ps1
		azure-pipelines\artifacts\projectAssetsJson.ps1 = azure-pipelines\artifacts\projectAssetsJson.ps1
		azure-pipelines\artifacts\symbols.ps1 = azure-pipelines\artifacts\symbols.ps1
		azure-pipelines\artifacts\test_symbols.ps1 = azure-pipelines\artifacts\test_symbols.ps1
		azure-pipelines\artifacts\testResults.ps1 = azure-pipelines\artifacts\testResults.ps1
		azure-pipelines\artifacts\Variables.ps1 = azure-pipelines\artifacts\Variables.ps1
	EndProjectSection
EndProject
Project("{2150E333-8FDC-42A3-9474-1A3956D46DE8}") = "variables", "variables", "{2D97BEB0-D6B4-4216-861D-CA63F4BEE5E7}"
	ProjectSection(SolutionItems) = preProject
		azure-pipelines\variables\_all.ps1 = azure-pipelines\variables\_all.ps1
		azure-pipelines\variables\_pipelines.ps1 = azure-pipelines\variables\_pipelines.ps1
		azure-pipelines\variables\DotNetSdkVersion.ps1 = azure-pipelines\variables\DotNetSdkVersion.ps1
	EndProjectSection
EndProject
Project("{2150E333-8FDC-42A3-9474-1A3956D46DE8}") = "src", "src", "{B2E7BFF3-4EDB-4A21-8A20-BC390335F7BA}"
	ProjectSection(SolutionItems) = preProject
		src\.editorconfig = src\.editorconfig
		src\Directory.Build.props = src\Directory.Build.props
		src\Directory.Build.targets = src\Directory.Build.targets
	EndProjectSection
EndProject
Project("{2150E333-8FDC-42A3-9474-1A3956D46DE8}") = "test", "test", "{627BAEEC-777B-4293-93F0-3624B90628C4}"
	ProjectSection(SolutionItems) = preProject
		test\.editorconfig = test\.editorconfig
		test\app.config = test\app.config
		test\Directory.Build.props = test\Directory.Build.props
		test\Directory.Build.targets = test\Directory.Build.targets
	EndProjectSection
EndProject
Global
	GlobalSection(SolutionConfigurationPlatforms) = preSolution
		Debug|Any CPU = Debug|Any CPU
		Debug-Android|Any CPU = Debug-Android|Any CPU
		Debug-Linux|Any CPU = Debug-Linux|Any CPU
		Debug-MacOS|Any CPU = Debug-MacOS|Any CPU
		Debug-Windows|Any CPU = Debug-Windows|Any CPU
		Release|Any CPU = Release|Any CPU
		Release-Android|Any CPU = Release-Android|Any CPU
		Release-Linux|Any CPU = Release-Linux|Any CPU
		Release-MacOS|Any CPU = Release-MacOS|Any CPU
		Release-Windows|Any CPU = Release-Windows|Any CPU
	EndGlobalSection
	GlobalSection(ProjectConfigurationPlatforms) = postSolution
		{C06D702E-6FC7-453B-BDDF-608F825EC003}.Debug|Any CPU.ActiveCfg = Debug|Any CPU
		{C06D702E-6FC7-453B-BDDF-608F825EC003}.Debug|Any CPU.Build.0 = Debug|Any CPU
		{C06D702E-6FC7-453B-BDDF-608F825EC003}.Debug-Android|Any CPU.ActiveCfg = Debug-Android|Any CPU
		{C06D702E-6FC7-453B-BDDF-608F825EC003}.Debug-Android|Any CPU.Build.0 = Debug-Android|Any CPU
		{C06D702E-6FC7-453B-BDDF-608F825EC003}.Debug-Linux|Any CPU.ActiveCfg = Debug-Linux|Any CPU
		{C06D702E-6FC7-453B-BDDF-608F825EC003}.Debug-Linux|Any CPU.Build.0 = Debug-Linux|Any CPU
		{C06D702E-6FC7-453B-BDDF-608F825EC003}.Debug-MacOS|Any CPU.ActiveCfg = Debug-MacOS|Any CPU
		{C06D702E-6FC7-453B-BDDF-608F825EC003}.Debug-MacOS|Any CPU.Build.0 = Debug-MacOS|Any CPU
		{C06D702E-6FC7-453B-BDDF-608F825EC003}.Debug-Windows|Any CPU.ActiveCfg = Debug-Windows|Any CPU
		{C06D702E-6FC7-453B-BDDF-608F825EC003}.Debug-Windows|Any CPU.Build.0 = Debug-Windows|Any CPU
		{C06D702E-6FC7-453B-BDDF-608F825EC003}.Release|Any CPU.ActiveCfg = Release|Any CPU
		{C06D702E-6FC7-453B-BDDF-608F825EC003}.Release|Any CPU.Build.0 = Release|Any CPU
		{C06D702E-6FC7-453B-BDDF-608F825EC003}.Release-Android|Any CPU.ActiveCfg = Release-Android|Any CPU
		{C06D702E-6FC7-453B-BDDF-608F825EC003}.Release-Android|Any CPU.Build.0 = Release-Android|Any CPU
		{C06D702E-6FC7-453B-BDDF-608F825EC003}.Release-Linux|Any CPU.ActiveCfg = Release-Linux|Any CPU
		{C06D702E-6FC7-453B-BDDF-608F825EC003}.Release-Linux|Any CPU.Build.0 = Release-Linux|Any CPU
		{C06D702E-6FC7-453B-BDDF-608F825EC003}.Release-MacOS|Any CPU.ActiveCfg = Release-MacOS|Any CPU
		{C06D702E-6FC7-453B-BDDF-608F825EC003}.Release-MacOS|Any CPU.Build.0 = Release-MacOS|Any CPU
		{C06D702E-6FC7-453B-BDDF-608F825EC003}.Release-Windows|Any CPU.ActiveCfg = Release-Windows|Any CPU
		{C06D702E-6FC7-453B-BDDF-608F825EC003}.Release-Windows|Any CPU.Build.0 = Release-Windows|Any CPU
		{DC5F3D1C-A9A3-44B7-A3C0-82C1FF4C3336}.Debug|Any CPU.ActiveCfg = Debug|Any CPU
		{DC5F3D1C-A9A3-44B7-A3C0-82C1FF4C3336}.Debug|Any CPU.Build.0 = Debug|Any CPU
		{DC5F3D1C-A9A3-44B7-A3C0-82C1FF4C3336}.Debug-Android|Any CPU.ActiveCfg = Debug-Android|Any CPU
		{DC5F3D1C-A9A3-44B7-A3C0-82C1FF4C3336}.Debug-Android|Any CPU.Build.0 = Debug-Android|Any CPU
		{DC5F3D1C-A9A3-44B7-A3C0-82C1FF4C3336}.Debug-Linux|Any CPU.ActiveCfg = Debug-Linux|Any CPU
		{DC5F3D1C-A9A3-44B7-A3C0-82C1FF4C3336}.Debug-Linux|Any CPU.Build.0 = Debug-Linux|Any CPU
		{DC5F3D1C-A9A3-44B7-A3C0-82C1FF4C3336}.Debug-MacOS|Any CPU.ActiveCfg = Debug-MacOS|Any CPU
		{DC5F3D1C-A9A3-44B7-A3C0-82C1FF4C3336}.Debug-MacOS|Any CPU.Build.0 = Debug-MacOS|Any CPU
		{DC5F3D1C-A9A3-44B7-A3C0-82C1FF4C3336}.Debug-Windows|Any CPU.ActiveCfg = Debug-Windows|Any CPU
		{DC5F3D1C-A9A3-44B7-A3C0-82C1FF4C3336}.Debug-Windows|Any CPU.Build.0 = Debug-Windows|Any CPU
		{DC5F3D1C-A9A3-44B7-A3C0-82C1FF4C3336}.Release|Any CPU.ActiveCfg = Release|Any CPU
		{DC5F3D1C-A9A3-44B7-A3C0-82C1FF4C3336}.Release|Any CPU.Build.0 = Release|Any CPU
		{DC5F3D1C-A9A3-44B7-A3C0-82C1FF4C3336}.Release-Android|Any CPU.ActiveCfg = Release-Android|Any CPU
		{DC5F3D1C-A9A3-44B7-A3C0-82C1FF4C3336}.Release-Android|Any CPU.Build.0 = Release-Android|Any CPU
		{DC5F3D1C-A9A3-44B7-A3C0-82C1FF4C3336}.Release-Linux|Any CPU.ActiveCfg = Release-Linux|Any CPU
		{DC5F3D1C-A9A3-44B7-A3C0-82C1FF4C3336}.Release-Linux|Any CPU.Build.0 = Release-Linux|Any CPU
		{DC5F3D1C-A9A3-44B7-A3C0-82C1FF4C3336}.Release-MacOS|Any CPU.ActiveCfg = Release-MacOS|Any CPU
		{DC5F3D1C-A9A3-44B7-A3C0-82C1FF4C3336}.Release-MacOS|Any CPU.Build.0 = Release-MacOS|Any CPU
		{DC5F3D1C-A9A3-44B7-A3C0-82C1FF4C3336}.Release-Windows|Any CPU.ActiveCfg = Release-Windows|Any CPU
		{DC5F3D1C-A9A3-44B7-A3C0-82C1FF4C3336}.Release-Windows|Any CPU.Build.0 = Release-Windows|Any CPU
		{0BD55E69-FF20-4554-8411-763E0124E91B}.Debug|Any CPU.ActiveCfg = Debug|Any CPU
		{0BD55E69-FF20-4554-8411-763E0124E91B}.Debug|Any CPU.Build.0 = Debug|Any CPU
		{0BD55E69-FF20-4554-8411-763E0124E91B}.Debug-Android|Any CPU.ActiveCfg = Debug-Android|Any CPU
		{0BD55E69-FF20-4554-8411-763E0124E91B}.Debug-Android|Any CPU.Build.0 = Debug-Android|Any CPU
		{0BD55E69-FF20-4554-8411-763E0124E91B}.Debug-Linux|Any CPU.ActiveCfg = Debug-Linux|Any CPU
		{0BD55E69-FF20-4554-8411-763E0124E91B}.Debug-Linux|Any CPU.Build.0 = Debug-Linux|Any CPU
		{0BD55E69-FF20-4554-8411-763E0124E91B}.Debug-MacOS|Any CPU.ActiveCfg = Debug-MacOS|Any CPU
		{0BD55E69-FF20-4554-8411-763E0124E91B}.Debug-MacOS|Any CPU.Build.0 = Debug-MacOS|Any CPU
		{0BD55E69-FF20-4554-8411-763E0124E91B}.Debug-Windows|Any CPU.ActiveCfg = Debug-Windows|Any CPU
		{0BD55E69-FF20-4554-8411-763E0124E91B}.Debug-Windows|Any CPU.Build.0 = Debug-Windows|Any CPU
		{0BD55E69-FF20-4554-8411-763E0124E91B}.Release|Any CPU.ActiveCfg = Release|Any CPU
		{0BD55E69-FF20-4554-8411-763E0124E91B}.Release|Any CPU.Build.0 = Release|Any CPU
		{0BD55E69-FF20-4554-8411-763E0124E91B}.Release-Android|Any CPU.ActiveCfg = Release-Android|Any CPU
		{0BD55E69-FF20-4554-8411-763E0124E91B}.Release-Android|Any CPU.Build.0 = Release-Android|Any CPU
		{0BD55E69-FF20-4554-8411-763E0124E91B}.Release-Linux|Any CPU.ActiveCfg = Release-Linux|Any CPU
		{0BD55E69-FF20-4554-8411-763E0124E91B}.Release-Linux|Any CPU.Build.0 = Release-Linux|Any CPU
		{0BD55E69-FF20-4554-8411-763E0124E91B}.Release-MacOS|Any CPU.ActiveCfg = Release-MacOS|Any CPU
		{0BD55E69-FF20-4554-8411-763E0124E91B}.Release-MacOS|Any CPU.Build.0 = Release-MacOS|Any CPU
		{0BD55E69-FF20-4554-8411-763E0124E91B}.Release-Windows|Any CPU.ActiveCfg = Release-Windows|Any CPU
		{0BD55E69-FF20-4554-8411-763E0124E91B}.Release-Windows|Any CPU.Build.0 = Release-Windows|Any CPU
	EndGlobalSection
	GlobalSection(SolutionProperties) = preSolution
		HideSolutionNode = FALSE
	EndGlobalSection
	GlobalSection(NestedProjects) = preSolution
		{D0F63F04-0FDB-41C2-89EB-D2004E5D07F2} = {1CE9670B-D5FF-46A7-9D00-24E70E6ED48B}
		{9D838577-A1C7-4A5D-B5EF-7E300FDDD016} = {D0F63F04-0FDB-41C2-89EB-D2004E5D07F2}
		{FC5CE323-2E9A-479A-B8E8-E5999A44A925} = {D0F63F04-0FDB-41C2-89EB-D2004E5D07F2}
		{ECCE870F-5368-4208-A7F7-9FFEFA44BDF6} = {D0F63F04-0FDB-41C2-89EB-D2004E5D07F2}
		{0DE000CB-A515-4428-B8E2-3FC9B7302B21} = {D0F63F04-0FDB-41C2-89EB-D2004E5D07F2}
		{9A37BDB0-AE53-493C-B418-EFADEF755110} = {FC5CE323-2E9A-479A-B8E8-E5999A44A925}
		{788362BC-D7B0-4D52-896A-A9BACDB1B71A} = {ECCE870F-5368-4208-A7F7-9FFEFA44BDF6}
		{2D97BEB0-D6B4-4216-861D-CA63F4BEE5E7} = {ECCE870F-5368-4208-A7F7-9FFEFA44BDF6}
	EndGlobalSection
	GlobalSection(ExtensibilityGlobals) = postSolution
		SolutionGuid = {E3944F6A-384B-4B0F-B93F-3BD513DC57BD}
	EndGlobalSection
EndGlobal
